
Microsoft Visual Studio Solution File, Format Version 12.00
# Visual Studio 2012
Project("{8BC9CEB8-8B4A-11D0-8D11-00A0C91BC942}") = "GUI", "GUI\GUI.vcxproj", "{2759E0C5-98D8-4E93-9D6B-FC9B216D736D}"
EndProject
Project("{8BC9CEB8-8B4A-11D0-8D11-00A0C91BC942}") = "EasyDone", "EasyDone\EasyDone.vcxproj", "{E9440593-38EA-47DF-870B-6E098A7EF100}"
EndProject
Global
	GlobalSection(SolutionConfigurationPlatforms) = preSolution
		Debug|Win32 = Debug|Win32
		Release|Win32 = Release|Win32
	EndGlobalSection
	GlobalSection(ProjectConfigurationPlatforms) = postSolution
		{2759E0C5-98D8-4E93-9D6B-FC9B216D736D}.Debug|Win32.ActiveCfg = Debug|Win32
		{2759E0C5-98D8-4E93-9D6B-FC9B216D736D}.Debug|Win32.Build.0 = Debug|Win32
		{2759E0C5-98D8-4E93-9D6B-FC9B216D736D}.Release|Win32.ActiveCfg = Release|Win32
		{2759E0C5-98D8-4E93-9D6B-FC9B216D736D}.Release|Win32.Build.0 = Release|Win32
		{E9440593-38EA-47DF-870B-6E098A7EF100}.Debug|Win32.ActiveCfg = Debug|Win32
		{E9440593-38EA-47DF-870B-6E098A7EF100}.Debug|Win32.Build.0 = Debug|Win32
		{E9440593-38EA-47DF-870B-6E098A7EF100}.Release|Win32.ActiveCfg = Release|Win32
		{E9440593-38EA-47DF-870B-6E098A7EF100}.Release|Win32.Build.0 = Release|Win32
	EndGlobalSection
	GlobalSection(SolutionProperties) = preSolution
		HideSolutionNode = FALSE
	EndGlobalSection
EndGlobal
